// !$*UTF8*$!
{
	archiveVersion = 1;
	classes = {
	};
	objectVersion = 55;
	objects = {

/* Begin PBXBuildFile section */
		35D89EDD27BF6FEA00CD90C8 /* KontinuitySampleApp.swift in Sources */ = {isa = PBXBuildFile; fileRef = 35D89EDC27BF6FEA00CD90C8 /* KontinuitySampleApp.swift */; };
		35D89EDF27BF6FEA00CD90C8 /* ContentView.swift in Sources */ = {isa = PBXBuildFile; fileRef = 35D89EDE27BF6FEA00CD90C8 /* ContentView.swift */; };
		35D89EE127BF6FEC00CD90C8 /* Assets.xcassets in Resources */ = {isa = PBXBuildFile; fileRef = 35D89EE027BF6FEC00CD90C8 /* Assets.xcassets */; };
		35D89EE427BF6FEC00CD90C8 /* Preview Assets.xcassets in Resources */ = {isa = PBXBuildFile; fileRef = 35D89EE327BF6FEC00CD90C8 /* Preview Assets.xcassets */; };
		35D89EEE27BF6FEC00CD90C8 /* KontinuitySampleTests.swift in Sources */ = {isa = PBXBuildFile; fileRef = 35D89EED27BF6FEC00CD90C8 /* KontinuitySampleTests.swift */; };
		35D89EF827BF6FEC00CD90C8 /* KontinuitySampleUITests.swift in Sources */ = {isa = PBXBuildFile; fileRef = 35D89EF727BF6FEC00CD90C8 /* KontinuitySampleUITests.swift */; };
		35D89EFA27BF6FEC00CD90C8 /* KontinuitySampleUITestsLaunchTests.swift in Sources */ = {isa = PBXBuildFile; fileRef = 35D89EF927BF6FEC00CD90C8 /* KontinuitySampleUITestsLaunchTests.swift */; };
		35D89F0B27BF756600CD90C8 /* AuthenticationService.swift in Sources */ = {isa = PBXBuildFile; fileRef = 35D89F0927BF756600CD90C8 /* AuthenticationService.swift */; };
		35D89F0C27BF756600CD90C8 /* KroutonKit.swift in Sources */ = {isa = PBXBuildFile; fileRef = 35D89F0A27BF756600CD90C8 /* KroutonKit.swift */; };
/* End PBXBuildFile section */

/* Begin PBXContainerItemProxy section */
		35D89EEA27BF6FEC00CD90C8 /* PBXContainerItemProxy */ = {
			isa = PBXContainerItemProxy;
			containerPortal = 35D89ED127BF6FEA00CD90C8 /* Project object */;
			proxyType = 1;
			remoteGlobalIDString = 35D89ED827BF6FEA00CD90C8;
			remoteInfo = KontinuitySample;
		};
		35D89EF427BF6FEC00CD90C8 /* PBXContainerItemProxy */ = {
			isa = PBXContainerItemProxy;
			containerPortal = 35D89ED127BF6FEA00CD90C8 /* Project object */;
			proxyType = 1;
			remoteGlobalIDString = 35D89ED827BF6FEA00CD90C8;
			remoteInfo = KontinuitySample;
		};
/* End PBXContainerItemProxy section */

/* Begin PBXFileReference section */
		35D89ED927BF6FEA00CD90C8 /* KontinuitySample.app */ = {isa = PBXFileReference; explicitFileType = wrapper.application; includeInIndex = 0; path = KontinuitySample.app; sourceTree = BUILT_PRODUCTS_DIR; };
		35D89EDC27BF6FEA00CD90C8 /* KontinuitySampleApp.swift */ = {isa = PBXFileReference; lastKnownFileType = sourcecode.swift; path = KontinuitySampleApp.swift; sourceTree = "<group>"; };
		35D89EDE27BF6FEA00CD90C8 /* ContentView.swift */ = {isa = PBXFileReference; lastKnownFileType = sourcecode.swift; path = ContentView.swift; sourceTree = "<group>"; };
		35D89EE027BF6FEC00CD90C8 /* Assets.xcassets */ = {isa = PBXFileReference; lastKnownFileType = folder.assetcatalog; path = Assets.xcassets; sourceTree = "<group>"; };
		35D89EE327BF6FEC00CD90C8 /* Preview Assets.xcassets */ = {isa = PBXFileReference; lastKnownFileType = folder.assetcatalog; path = "Preview Assets.xcassets"; sourceTree = "<group>"; };
		35D89EE927BF6FEC00CD90C8 /* KontinuitySampleTests.xctest */ = {isa = PBXFileReference; explicitFileType = wrapper.cfbundle; includeInIndex = 0; path = KontinuitySampleTests.xctest; sourceTree = BUILT_PRODUCTS_DIR; };
		35D89EED27BF6FEC00CD90C8 /* KontinuitySampleTests.swift */ = {isa = PBXFileReference; lastKnownFileType = sourcecode.swift; path = KontinuitySampleTests.swift; sourceTree = "<group>"; };
		35D89EF327BF6FEC00CD90C8 /* KontinuitySampleUITests.xctest */ = {isa = PBXFileReference; explicitFileType = wrapper.cfbundle; includeInIndex = 0; path = KontinuitySampleUITests.xctest; sourceTree = BUILT_PRODUCTS_DIR; };
		35D89EF727BF6FEC00CD90C8 /* KontinuitySampleUITests.swift */ = {isa = PBXFileReference; lastKnownFileType = sourcecode.swift; path = KontinuitySampleUITests.swift; sourceTree = "<group>"; };
		35D89EF927BF6FEC00CD90C8 /* KontinuitySampleUITestsLaunchTests.swift */ = {isa = PBXFileReference; lastKnownFileType = sourcecode.swift; path = KontinuitySampleUITestsLaunchTests.swift; sourceTree = "<group>"; };
		35D89F0927BF756600CD90C8 /* AuthenticationService.swift */ = {isa = PBXFileReference; fileEncoding = 4; lastKnownFileType = sourcecode.swift; path = AuthenticationService.swift; sourceTree = "<group>"; };
		35D89F0A27BF756600CD90C8 /* KroutonKit.swift */ = {isa = PBXFileReference; fileEncoding = 4; lastKnownFileType = sourcecode.swift; path = KroutonKit.swift; sourceTree = "<group>"; };
/* End PBXFileReference section */

/* Begin PBXFrameworksBuildPhase section */
		35D89ED627BF6FEA00CD90C8 /* Frameworks */ = {
			isa = PBXFrameworksBuildPhase;
			buildActionMask = 2147483647;
			files = (
			);
			runOnlyForDeploymentPostprocessing = 0;
		};
		35D89EE627BF6FEC00CD90C8 /* Frameworks */ = {
			isa = PBXFrameworksBuildPhase;
			buildActionMask = 2147483647;
			files = (
			);
			runOnlyForDeploymentPostprocessing = 0;
		};
		35D89EF027BF6FEC00CD90C8 /* Frameworks */ = {
			isa = PBXFrameworksBuildPhase;
			buildActionMask = 2147483647;
			files = (
			);
			runOnlyForDeploymentPostprocessing = 0;
		};
/* End PBXFrameworksBuildPhase section */

/* Begin PBXGroup section */
		35D89ED027BF6FEA00CD90C8 = {
			isa = PBXGroup;
			children = (
				35D89EDB27BF6FEA00CD90C8 /* KontinuitySample */,
				35D89EEC27BF6FEC00CD90C8 /* KontinuitySampleTests */,
				35D89EF627BF6FEC00CD90C8 /* KontinuitySampleUITests */,
				35D89EDA27BF6FEA00CD90C8 /* Products */,
			);
			sourceTree = "<group>";
		};
		35D89EDA27BF6FEA00CD90C8 /* Products */ = {
			isa = PBXGroup;
			children = (
				35D89ED927BF6FEA00CD90C8 /* KontinuitySample.app */,
				35D89EE927BF6FEC00CD90C8 /* KontinuitySampleTests.xctest */,
				35D89EF327BF6FEC00CD90C8 /* KontinuitySampleUITests.xctest */,
			);
			name = Products;
			sourceTree = "<group>";
		};
		35D89EDB27BF6FEA00CD90C8 /* KontinuitySample */ = {
			isa = PBXGroup;
			children = (
				35D89F0727BF756600CD90C8 /* Generated */,
				35D89EDC27BF6FEA00CD90C8 /* KontinuitySampleApp.swift */,
				35D89EDE27BF6FEA00CD90C8 /* ContentView.swift */,
				35D89EE027BF6FEC00CD90C8 /* Assets.xcassets */,
				35D89EE227BF6FEC00CD90C8 /* Preview Content */,
			);
			path = KontinuitySample;
			sourceTree = "<group>";
		};
		35D89EE227BF6FEC00CD90C8 /* Preview Content */ = {
			isa = PBXGroup;
			children = (
				35D89EE327BF6FEC00CD90C8 /* Preview Assets.xcassets */,
			);
			path = "Preview Content";
			sourceTree = "<group>";
		};
		35D89EEC27BF6FEC00CD90C8 /* KontinuitySampleTests */ = {
			isa = PBXGroup;
			children = (
				35D89EED27BF6FEC00CD90C8 /* KontinuitySampleTests.swift */,
			);
			path = KontinuitySampleTests;
			sourceTree = "<group>";
		};
		35D89EF627BF6FEC00CD90C8 /* KontinuitySampleUITests */ = {
			isa = PBXGroup;
			children = (
				35D89EF727BF6FEC00CD90C8 /* KontinuitySampleUITests.swift */,
				35D89EF927BF6FEC00CD90C8 /* KontinuitySampleUITestsLaunchTests.swift */,
			);
			path = KontinuitySampleUITests;
			sourceTree = "<group>";
		};
		35D89F0727BF756600CD90C8 /* Generated */ = {
			isa = PBXGroup;
			children = (
				35D89F0827BF756600CD90C8 /* Kontinuity */,
			);
			path = Generated;
			sourceTree = "<group>";
		};
		35D89F0827BF756600CD90C8 /* Kontinuity */ = {
			isa = PBXGroup;
			children = (
				35D89F0927BF756600CD90C8 /* AuthenticationService.swift */,
				35D89F0A27BF756600CD90C8 /* KroutonKit.swift */,
			);
			path = Kontinuity;
			sourceTree = "<group>";
		};
/* End PBXGroup section */

/* Begin PBXNativeTarget section */
		35D89ED827BF6FEA00CD90C8 /* KontinuitySample */ = {
			isa = PBXNativeTarget;
			buildConfigurationList = 35D89EFD27BF6FEC00CD90C8 /* Build configuration list for PBXNativeTarget "KontinuitySample" */;
			buildPhases = (
				35C2071C27C0241C00C5C5A4 /* ShellScript */,
				35D89ED527BF6FEA00CD90C8 /* Sources */,
				35D89ED627BF6FEA00CD90C8 /* Frameworks */,
				35D89ED727BF6FEA00CD90C8 /* Resources */,
			);
			buildRules = (
			);
			dependencies = (
			);
			name = KontinuitySample;
			productName = KontinuitySample;
			productReference = 35D89ED927BF6FEA00CD90C8 /* KontinuitySample.app */;
			productType = "com.apple.product-type.application";
		};
		35D89EE827BF6FEC00CD90C8 /* KontinuitySampleTests */ = {
			isa = PBXNativeTarget;
			buildConfigurationList = 35D89F0027BF6FEC00CD90C8 /* Build configuration list for PBXNativeTarget "KontinuitySampleTests" */;
			buildPhases = (
				35D89EE527BF6FEC00CD90C8 /* Sources */,
				35D89EE627BF6FEC00CD90C8 /* Frameworks */,
				35D89EE727BF6FEC00CD90C8 /* Resources */,
			);
			buildRules = (
			);
			dependencies = (
				35D89EEB27BF6FEC00CD90C8 /* PBXTargetDependency */,
			);
			name = KontinuitySampleTests;
			productName = KontinuitySampleTests;
			productReference = 35D89EE927BF6FEC00CD90C8 /* KontinuitySampleTests.xctest */;
			productType = "com.apple.product-type.bundle.unit-test";
		};
		35D89EF227BF6FEC00CD90C8 /* KontinuitySampleUITests */ = {
			isa = PBXNativeTarget;
			buildConfigurationList = 35D89F0327BF6FEC00CD90C8 /* Build configuration list for PBXNativeTarget "KontinuitySampleUITests" */;
			buildPhases = (
				35D89EEF27BF6FEC00CD90C8 /* Sources */,
				35D89EF027BF6FEC00CD90C8 /* Frameworks */,
				35D89EF127BF6FEC00CD90C8 /* Resources */,
			);
			buildRules = (
			);
			dependencies = (
				35D89EF527BF6FEC00CD90C8 /* PBXTargetDependency */,
			);
			name = KontinuitySampleUITests;
			productName = KontinuitySampleUITests;
			productReference = 35D89EF327BF6FEC00CD90C8 /* KontinuitySampleUITests.xctest */;
			productType = "com.apple.product-type.bundle.ui-testing";
		};
/* End PBXNativeTarget section */

/* Begin PBXProject section */
		35D89ED127BF6FEA00CD90C8 /* Project object */ = {
			isa = PBXProject;
			attributes = {
				BuildIndependentTargetsInParallel = 1;
				LastSwiftUpdateCheck = 1320;
				LastUpgradeCheck = 1320;
				TargetAttributes = {
					35D89ED827BF6FEA00CD90C8 = {
						CreatedOnToolsVersion = 13.2.1;
					};
					35D89EE827BF6FEC00CD90C8 = {
						CreatedOnToolsVersion = 13.2.1;
						TestTargetID = 35D89ED827BF6FEA00CD90C8;
					};
					35D89EF227BF6FEC00CD90C8 = {
						CreatedOnToolsVersion = 13.2.1;
						TestTargetID = 35D89ED827BF6FEA00CD90C8;
					};
				};
			};
			buildConfigurationList = 35D89ED427BF6FEA00CD90C8 /* Build configuration list for PBXProject "KontinuitySample" */;
			compatibilityVersion = "Xcode 13.0";
			developmentRegion = en;
			hasScannedForEncodings = 0;
			knownRegions = (
				en,
				Base,
			);
			mainGroup = 35D89ED027BF6FEA00CD90C8;
			productRefGroup = 35D89EDA27BF6FEA00CD90C8 /* Products */;
			projectDirPath = "";
			projectRoot = "";
			targets = (
				35D89ED827BF6FEA00CD90C8 /* KontinuitySample */,
				35D89EE827BF6FEC00CD90C8 /* KontinuitySampleTests */,
				35D89EF227BF6FEC00CD90C8 /* KontinuitySampleUITests */,
			);
		};
/* End PBXProject section */

/* Begin PBXResourcesBuildPhase section */
		35D89ED727BF6FEA00CD90C8 /* Resources */ = {
			isa = PBXResourcesBuildPhase;
			buildActionMask = 2147483647;
			files = (
				35D89EE427BF6FEC00CD90C8 /* Preview Assets.xcassets in Resources */,
				35D89EE127BF6FEC00CD90C8 /* Assets.xcassets in Resources */,
			);
			runOnlyForDeploymentPostprocessing = 0;
		};
		35D89EE727BF6FEC00CD90C8 /* Resources */ = {
			isa = PBXResourcesBuildPhase;
			buildActionMask = 2147483647;
			files = (
			);
			runOnlyForDeploymentPostprocessing = 0;
		};
		35D89EF127BF6FEC00CD90C8 /* Resources */ = {
			isa = PBXResourcesBuildPhase;
			buildActionMask = 2147483647;
			files = (
			);
			runOnlyForDeploymentPostprocessing = 0;
		};
/* End PBXResourcesBuildPhase section */

/* Begin PBXShellScriptBuildPhase section */
		35C2071C27C0241C00C5C5A4 /* ShellScript */ = {
			isa = PBXShellScriptBuildPhase;
			buildActionMask = 2147483647;
			files = (
			);
			inputFileListPaths = (
			);
			inputPaths = (
			);
			outputFileListPaths = (
			);
			outputPaths = (
			);
			runOnlyForDeploymentPostprocessing = 0;
			shellPath = /bin/sh;
			shellScript = "cd \"$SRCROOT/..\"\n./gradlew :shared:embedAndSignAppleFrameworkForXcode\n";
		};
/* End PBXShellScriptBuildPhase section */

/* Begin PBXSourcesBuildPhase section */
		35D89ED527BF6FEA00CD90C8 /* Sources */ = {
			isa = PBXSourcesBuildPhase;
			buildActionMask = 2147483647;
			files = (
				35D89F0B27BF756600CD90C8 /* AuthenticationService.swift in Sources */,
				35D89F0C27BF756600CD90C8 /* KroutonKit.swift in Sources */,
				35D89EDF27BF6FEA00CD90C8 /* ContentView.swift in Sources */,
				35D89EDD27BF6FEA00CD90C8 /* KontinuitySampleApp.swift in Sources */,
			);
			runOnlyForDeploymentPostprocessing = 0;
		};
		35D89EE527BF6FEC00CD90C8 /* Sources */ = {
			isa = PBXSourcesBuildPhase;
			buildActionMask = 2147483647;
			files = (
				35D89EEE27BF6FEC00CD90C8 /* KontinuitySampleTests.swift in Sources */,
			);
			runOnlyForDeploymentPostprocessing = 0;
		};
		35D89EEF27BF6FEC00CD90C8 /* Sources */ = {
			isa = PBXSourcesBuildPhase;
			buildActionMask = 2147483647;
			files = (
				35D89EFA27BF6FEC00CD90C8 /* KontinuitySampleUITestsLaunchTests.swift in Sources */,
				35D89EF827BF6FEC00CD90C8 /* KontinuitySampleUITests.swift in Sources */,
			);
			runOnlyForDeploymentPostprocessing = 0;
		};
/* End PBXSourcesBuildPhase section */

/* Begin PBXTargetDependency section */
		35D89EEB27BF6FEC00CD90C8 /* PBXTargetDependency */ = {
			isa = PBXTargetDependency;
			target = 35D89ED827BF6FEA00CD90C8 /* KontinuitySample */;
			targetProxy = 35D89EEA27BF6FEC00CD90C8 /* PBXContainerItemProxy */;
		};
		35D89EF527BF6FEC00CD90C8 /* PBXTargetDependency */ = {
			isa = PBXTargetDependency;
			target = 35D89ED827BF6FEA00CD90C8 /* KontinuitySample */;
			targetProxy = 35D89EF427BF6FEC00CD90C8 /* PBXContainerItemProxy */;
		};
/* End PBXTargetDependency section */

/* Begin XCBuildConfiguration section */
		35D89EFB27BF6FEC00CD90C8 /* Debug */ = {
			isa = XCBuildConfiguration;
			buildSettings = {
				ALWAYS_SEARCH_USER_PATHS = NO;
				CLANG_ANALYZER_NONNULL = YES;
				CLANG_ANALYZER_NUMBER_OBJECT_CONVERSION = YES_AGGRESSIVE;
				CLANG_CXX_LANGUAGE_STANDARD = "gnu++17";
				CLANG_CXX_LIBRARY = "libc++";
				CLANG_ENABLE_MODULES = YES;
				CLANG_ENABLE_OBJC_ARC = YES;
				CLANG_ENABLE_OBJC_WEAK = YES;
				CLANG_WARN_BLOCK_CAPTURE_AUTORELEASING = YES;
				CLANG_WARN_BOOL_CONVERSION = YES;
				CLANG_WARN_COMMA = YES;
				CLANG_WARN_CONSTANT_CONVERSION = YES;
				CLANG_WARN_DEPRECATED_OBJC_IMPLEMENTATIONS = YES;
				CLANG_WARN_DIRECT_OBJC_ISA_USAGE = YES_ERROR;
				CLANG_WARN_DOCUMENTATION_COMMENTS = YES;
				CLANG_WARN_EMPTY_BODY = YES;
				CLANG_WARN_ENUM_CONVERSION = YES;
				CLANG_WARN_INFINITE_RECURSION = YES;
				CLANG_WARN_INT_CONVERSION = YES;
				CLANG_WARN_NON_LITERAL_NULL_CONVERSION = YES;
				CLANG_WARN_OBJC_IMPLICIT_RETAIN_SELF = YES;
				CLANG_WARN_OBJC_LITERAL_CONVERSION = YES;
				CLANG_WARN_OBJC_ROOT_CLASS = YES_ERROR;
				CLANG_WARN_QUOTED_INCLUDE_IN_FRAMEWORK_HEADER = YES;
				CLANG_WARN_RANGE_LOOP_ANALYSIS = YES;
				CLANG_WARN_STRICT_PROTOTYPES = YES;
				CLANG_WARN_SUSPICIOUS_MOVE = YES;
				CLANG_WARN_UNGUARDED_AVAILABILITY = YES_AGGRESSIVE;
				CLANG_WARN_UNREACHABLE_CODE = YES;
				CLANG_WARN__DUPLICATE_METHOD_MATCH = YES;
				COPY_PHASE_STRIP = NO;
				DEBUG_INFORMATION_FORMAT = dwarf;
				ENABLE_STRICT_OBJC_MSGSEND = YES;
				ENABLE_TESTABILITY = YES;
				GCC_C_LANGUAGE_STANDARD = gnu11;
				GCC_DYNAMIC_NO_PIC = NO;
				GCC_NO_COMMON_BLOCKS = YES;
				GCC_OPTIMIZATION_LEVEL = 0;
				GCC_PREPROCESSOR_DEFINITIONS = (
					"DEBUG=1",
					"$(inherited)",
				);
				GCC_WARN_64_TO_32_BIT_CONVERSION = YES;
				GCC_WARN_ABOUT_RETURN_TYPE = YES_ERROR;
				GCC_WARN_UNDECLARED_SELECTOR = YES;
				GCC_WARN_UNINITIALIZED_AUTOS = YES_AGGRESSIVE;
				GCC_WARN_UNUSED_FUNCTION = YES;
				GCC_WARN_UNUSED_VARIABLE = YES;
				IPHONEOS_DEPLOYMENT_TARGET = 15.2;
				MTL_ENABLE_DEBUG_INFO = INCLUDE_SOURCE;
				MTL_FAST_MATH = YES;
				ONLY_ACTIVE_ARCH = YES;
				SDKROOT = iphoneos;
				SWIFT_ACTIVE_COMPILATION_CONDITIONS = DEBUG;
				SWIFT_OPTIMIZATION_LEVEL = "-Onone";
			};
			name = Debug;
		};
		35D89EFC27BF6FEC00CD90C8 /* Release */ = {
			isa = XCBuildConfiguration;
			buildSettings = {
				ALWAYS_SEARCH_USER_PATHS = NO;
				CLANG_ANALYZER_NONNULL = YES;
				CLANG_ANALYZER_NUMBER_OBJECT_CONVERSION = YES_AGGRESSIVE;
				CLANG_CXX_LANGUAGE_STANDARD = "gnu++17";
				CLANG_CXX_LIBRARY = "libc++";
				CLANG_ENABLE_MODULES = YES;
				CLANG_ENABLE_OBJC_ARC = YES;
				CLANG_ENABLE_OBJC_WEAK = YES;
				CLANG_WARN_BLOCK_CAPTURE_AUTORELEASING = YES;
				CLANG_WARN_BOOL_CONVERSION = YES;
				CLANG_WARN_COMMA = YES;
				CLANG_WARN_CONSTANT_CONVERSION = YES;
				CLANG_WARN_DEPRECATED_OBJC_IMPLEMENTATIONS = YES;
				CLANG_WARN_DIRECT_OBJC_ISA_USAGE = YES_ERROR;
				CLANG_WARN_DOCUMENTATION_COMMENTS = YES;
				CLANG_WARN_EMPTY_BODY = YES;
				CLANG_WARN_ENUM_CONVERSION = YES;
				CLANG_WARN_INFINITE_RECURSION = YES;
				CLANG_WARN_INT_CONVERSION = YES;
				CLANG_WARN_NON_LITERAL_NULL_CONVERSION = YES;
				CLANG_WARN_OBJC_IMPLICIT_RETAIN_SELF = YES;
				CLANG_WARN_OBJC_LITERAL_CONVERSION = YES;
				CLANG_WARN_OBJC_ROOT_CLASS = YES_ERROR;
				CLANG_WARN_QUOTED_INCLUDE_IN_FRAMEWORK_HEADER = YES;
				CLANG_WARN_RANGE_LOOP_ANALYSIS = YES;
				CLANG_WARN_STRICT_PROTOTYPES = YES;
				CLANG_WARN_SUSPICIOUS_MOVE = YES;
				CLANG_WARN_UNGUARDED_AVAILABILITY = YES_AGGRESSIVE;
				CLANG_WARN_UNREACHABLE_CODE = YES;
				CLANG_WARN__DUPLICATE_METHOD_MATCH = YES;
				COPY_PHASE_STRIP = NO;
				DEBUG_INFORMATION_FORMAT = "dwarf-with-dsym";
				ENABLE_NS_ASSERTIONS = NO;
				ENABLE_STRICT_OBJC_MSGSEND = YES;
				GCC_C_LANGUAGE_STANDARD = gnu11;
				GCC_NO_COMMON_BLOCKS = YES;
				GCC_WARN_64_TO_32_BIT_CONVERSION = YES;
				GCC_WARN_ABOUT_RETURN_TYPE = YES_ERROR;
				GCC_WARN_UNDECLARED_SELECTOR = YES;
				GCC_WARN_UNINITIALIZED_AUTOS = YES_AGGRESSIVE;
				GCC_WARN_UNUSED_FUNCTION = YES;
				GCC_WARN_UNUSED_VARIABLE = YES;
				IPHONEOS_DEPLOYMENT_TARGET = 15.2;
				MTL_ENABLE_DEBUG_INFO = NO;
				MTL_FAST_MATH = YES;
				SDKROOT = iphoneos;
				SWIFT_COMPILATION_MODE = wholemodule;
				SWIFT_OPTIMIZATION_LEVEL = "-O";
				VALIDATE_PRODUCT = YES;
			};
			name = Release;
		};
		35D89EFE27BF6FEC00CD90C8 /* Debug */ = {
			isa = XCBuildConfiguration;
			buildSettings = {
				ASSETCATALOG_COMPILER_APPICON_NAME = AppIcon;
				ASSETCATALOG_COMPILER_GLOBAL_ACCENT_COLOR_NAME = AccentColor;
				CODE_SIGN_STYLE = Automatic;
				CURRENT_PROJECT_VERSION = 1;
				DEVELOPMENT_ASSET_PATHS = "\"KontinuitySample/Preview Content\"";
				DEVELOPMENT_TEAM = C4GR524K7A;
				ENABLE_PREVIEWS = YES;
				FRAMEWORK_SEARCH_PATHS = "$(SRCROOT)/../shared/build/xcode-frameworks/$(CONFIGURATION)/$(SDK_NAME)";
				GENERATE_INFOPLIST_FILE = YES;
				INFOPLIST_KEY_UIApplicationSceneManifest_Generation = YES;
				INFOPLIST_KEY_UIApplicationSupportsIndirectInputEvents = YES;
				INFOPLIST_KEY_UILaunchScreen_Generation = YES;
				INFOPLIST_KEY_UISupportedInterfaceOrientations_iPad = "UIInterfaceOrientationPortrait UIInterfaceOrientationPortraitUpsideDown UIInterfaceOrientationLandscapeLeft UIInterfaceOrientationLandscapeRight";
				INFOPLIST_KEY_UISupportedInterfaceOrientations_iPhone = "UIInterfaceOrientationPortrait UIInterfaceOrientationLandscapeLeft UIInterfaceOrientationLandscapeRight";
				LD_RUNPATH_SEARCH_PATHS = (
					"$(inherited)",
					"@executable_path/Frameworks",
				);
				MARKETING_VERSION = 1.0;
				OTHER_LDFLAGS = (
					"$(inherited)",
					"-framework",
					shared,
				);
				PRODUCT_BUNDLE_IDENTIFIER = io.mockative.KontinuitySample;
				PRODUCT_NAME = "$(TARGET_NAME)";
				SWIFT_EMIT_LOC_STRINGS = YES;
				SWIFT_VERSION = 5.0;
				TARGETED_DEVICE_FAMILY = "1,2";
			};
			name = Debug;
		};
		35D89EFF27BF6FEC00CD90C8 /* Release */ = {
			isa = XCBuildConfiguration;
			buildSettings = {
				ASSETCATALOG_COMPILER_APPICON_NAME = AppIcon;
				ASSETCATALOG_COMPILER_GLOBAL_ACCENT_COLOR_NAME = AccentColor;
				CODE_SIGN_STYLE = Automatic;
				CURRENT_PROJECT_VERSION = 1;
				DEVELOPMENT_ASSET_PATHS = "\"KontinuitySample/Preview Content\"";
				DEVELOPMENT_TEAM = C4GR524K7A;
				ENABLE_PREVIEWS = YES;
				FRAMEWORK_SEARCH_PATHS = "$(SRCROOT)/../shared/build/xcode-frameworks/$(CONFIGURATION)/$(SDK_NAME)";
				GENERATE_INFOPLIST_FILE = YES;
				INFOPLIST_KEY_UIApplicationSceneManifest_Generation = YES;
				INFOPLIST_KEY_UIApplicationSupportsIndirectInputEvents = YES;
				INFOPLIST_KEY_UILaunchScreen_Generation = YES;
				INFOPLIST_KEY_UISupportedInterfaceOrientations_iPad = "UIInterfaceOrientationPortrait UIInterfaceOrientationPortraitUpsideDown UIInterfaceOrientationLandscapeLeft UIInterfaceOrientationLandscapeRight";
				INFOPLIST_KEY_UISupportedInterfaceOrientations_iPhone = "UIInterfaceOrientationPortrait UIInterfaceOrientationLandscapeLeft UIInterfaceOrientationLandscapeRight";
				LD_RUNPATH_SEARCH_PATHS = (
					"$(inherited)",
					"@executable_path/Frameworks",
				);
				MARKETING_VERSION = 1.0;
				OTHER_LDFLAGS = (
					"$(inherited)",
					"-framework",
					shared,
				);
				PRODUCT_BUNDLE_IDENTIFIER = io.mockative.KontinuitySample;
				PRODUCT_NAME = "$(TARGET_NAME)";
				SWIFT_EMIT_LOC_STRINGS = YES;
				SWIFT_VERSION = 5.0;
				TARGETED_DEVICE_FAMILY = "1,2";
			};
			name = Release;
		};
		35D89F0127BF6FEC00CD90C8 /* Debug */ = {
			isa = XCBuildConfiguration;
			buildSettings = {
				ALWAYS_EMBED_SWIFT_STANDARD_LIBRARIES = YES;
				BUNDLE_LOADER = "$(TEST_HOST)";
				CODE_SIGN_STYLE = Automatic;
				CURRENT_PROJECT_VERSION = 1;
				DEVELOPMENT_TEAM = C4GR524K7A;
				GENERATE_INFOPLIST_FILE = YES;
				IPHONEOS_DEPLOYMENT_TARGET = 15.2;
				MARKETING_VERSION = 1.0;
				PRODUCT_BUNDLE_IDENTIFIER = io.mockative.KontinuitySampleTests;
				PRODUCT_NAME = "$(TARGET_NAME)";
				SWIFT_EMIT_LOC_STRINGS = NO;
				SWIFT_VERSION = 5.0;
				TARGETED_DEVICE_FAMILY = "1,2";
				TEST_HOST = "$(BUILT_PRODUCTS_DIR)/KontinuitySample.app/KontinuitySample";
			};
			name = Debug;
		};
		35D89F0227BF6FEC00CD90C8 /* Release */ = {
			isa = XCBuildConfiguration;
			buildSettings = {
				ALWAYS_EMBED_SWIFT_STANDARD_LIBRARIES = YES;
				BUNDLE_LOADER = "$(TEST_HOST)";
				CODE_SIGN_STYLE = Automatic;
				CURRENT_PROJECT_VERSION = 1;
				DEVELOPMENT_TEAM = C4GR524K7A;
				GENERATE_INFOPLIST_FILE = YES;
				IPHONEOS_DEPLOYMENT_TARGET = 15.2;
				MARKETING_VERSION = 1.0;
				PRODUCT_BUNDLE_IDENTIFIER = io.mockative.KontinuitySampleTests;
				PRODUCT_NAME = "$(TARGET_NAME)";
				SWIFT_EMIT_LOC_STRINGS = NO;
				SWIFT_VERSION = 5.0;
				TARGETED_DEVICE_FAMILY = "1,2";
				TEST_HOST = "$(BUILT_PRODUCTS_DIR)/KontinuitySample.app/KontinuitySample";
			};
			name = Release;
		};
		35D89F0427BF6FEC00CD90C8 /* Debug */ = {
			isa = XCBuildConfiguration;
			buildSettings = {
				ALWAYS_EMBED_SWIFT_STANDARD_LIBRARIES = YES;
				CODE_SIGN_STYLE = Automatic;
				CURRENT_PROJECT_VERSION = 1;
				DEVELOPMENT_TEAM = C4GR524K7A;
				GENERATE_INFOPLIST_FILE = YES;
				MARKETING_VERSION = 1.0;
				PRODUCT_BUNDLE_IDENTIFIER = io.mockative.KontinuitySampleUITests;
				PRODUCT_NAME = "$(TARGET_NAME)";
				SWIFT_EMIT_LOC_STRINGS = NO;
				SWIFT_VERSION = 5.0;
				TARGETED_DEVICE_FAMILY = "1,2";
				TEST_TARGET_NAME = KontinuitySample;
			};
			name = Debug;
		};
		35D89F0527BF6FEC00CD90C8 /* Release */ = {
			isa = XCBuildConfiguration;
			buildSettings = {
				ALWAYS_EMBED_SWIFT_STANDARD_LIBRARIES = YES;
				CODE_SIGN_STYLE = Automatic;
				CURRENT_PROJECT_VERSION = 1;
				DEVELOPMENT_TEAM = C4GR524K7A;
				GENERATE_INFOPLIST_FILE = YES;
				MARKETING_VERSION = 1.0;
				PRODUCT_BUNDLE_IDENTIFIER = io.mockative.KontinuitySampleUITests;
				PRODUCT_NAME = "$(TARGET_NAME)";
				SWIFT_EMIT_LOC_STRINGS = NO;
				SWIFT_VERSION = 5.0;
				TARGETED_DEVICE_FAMILY = "1,2";
				TEST_TARGET_NAME = KontinuitySample;
			};
			name = Release;
		};
/* End XCBuildConfiguration section */

/* Begin XCConfigurationList section */
		35D89ED427BF6FEA00CD90C8 /* Build configuration list for PBXProject "KontinuitySample" */ = {
			isa = XCConfigurationList;
			buildConfigurations = (
				35D89EFB27BF6FEC00CD90C8 /* Debug */,
				35D89EFC27BF6FEC00CD90C8 /* Release */,
			);
			defaultConfigurationIsVisible = 0;
			defaultConfigurationName = Release;
		};
		35D89EFD27BF6FEC00CD90C8 /* Build configuration list for PBXNativeTarget "KontinuitySample" */ = {
			isa = XCConfigurationList;
			buildConfigurations = (
				35D89EFE27BF6FEC00CD90C8 /* Debug */,
				35D89EFF27BF6FEC00CD90C8 /* Release */,
			);
			defaultConfigurationIsVisible = 0;
			defaultConfigurationName = Release;
		};
		35D89F0027BF6FEC00CD90C8 /* Build configuration list for PBXNativeTarget "KontinuitySampleTests" */ = {
			isa = XCConfigurationList;
			buildConfigurations = (
				35D89F0127BF6FEC00CD90C8 /* Debug */,
				35D89F0227BF6FEC00CD90C8 /* Release */,
			);
			defaultConfigurationIsVisible = 0;
			defaultConfigurationName = Release;
		};
		35D89F0327BF6FEC00CD90C8 /* Build configuration list for PBXNativeTarget "KontinuitySampleUITests" */ = {
			isa = XCConfigurationList;
			buildConfigurations = (
				35D89F0427BF6FEC00CD90C8 /* Debug */,
				35D89F0527BF6FEC00CD90C8 /* Release */,
			);
			defaultConfigurationIsVisible = 0;
			defaultConfigurationName = Release;
		};
/* End XCConfigurationList section */
	};
	rootObject = 35D89ED127BF6FEA00CD90C8 /* Project object */;
}
